
Microsoft Visual Studio Solution File, Format Version 12.00
# Visual Studio Version 16
VisualStudioVersion = 16.0.29411.108
MinimumVisualStudioVersion = 10.0.40219.1
Project("{FAE04EC0-301F-11D3-BF4B-00C04F79EFBC}") = "CarService", "CarService.csproj", "{8C889108-EDA3-4D5C-91B8-64B888D1F917}"
EndProject
Project("{2150E333-8FDC-42A3-9474-1A3956D46DE8}") = "Solution Items", "Solution Items", "{7B1A10D6-C4D0-4A2D-984C-58DC4D0D2018}"
EndProject
Global
	GlobalSection(SolutionConfigurationPlatforms) = preSolution
		Debug|Any CPU = Debug|Any CPU
		Release|Any CPU = Release|Any CPU
	EndGlobalSection
	GlobalSection(ProjectConfigurationPlatforms) = postSolution
		{8C889108-EDA3-4D5C-91B8-64B888D1F917}.Debug|Any CPU.ActiveCfg = Debug|Any CPU
		{8C889108-EDA3-4D5C-91B8-64B888D1F917}.Debug|Any CPU.Build.0 = Debug|Any CPU
		{8C889108-EDA3-4D5C-91B8-64B888D1F917}.Release|Any CPU.ActiveCfg = Release|Any CPU
		{8C889108-EDA3-4D5C-91B8-64B888D1F917}.Release|Any CPU.Build.0 = Release|Any CPU
	EndGlobalSection
	GlobalSection(SolutionProperties) = preSolution
		HideSolutionNode = FALSE
	EndGlobalSection
	GlobalSection(ExtensibilityGlobals) = postSolution
		SolutionGuid = {BE4E7A73-9073-4337-B00C-EB259ECB4252}
	EndGlobalSection
EndGlobal
